
Microsoft Visual Studio Solution File, Format Version 12.00
# Visual Studio 15
VisualStudioVersion = 15.0.28307.168
MinimumVisualStudioVersion = 10.0.40219.1
Project("{FAE04EC0-301F-11D3-BF4B-00C04F79EFBC}") = "lab2-3", "lab2-3\lab2-3.csproj", "{42644421-8762-4B01-8943-8FE021091A2D}"
EndProject
Global
	GlobalSection(SolutionConfigurationPlatforms) = preSolution
		Debug|Any CPU = Debug|Any CPU
		Release|Any CPU = Release|Any CPU
	EndGlobalSection
	GlobalSection(ProjectConfigurationPlatforms) = postSolution
		{42644421-8762-4B01-8943-8FE021091A2D}.Debug|Any CPU.ActiveCfg = Debug|Any CPU
		{42644421-8762-4B01-8943-8FE021091A2D}.Debug|Any CPU.Build.0 = Debug|Any CPU
		{42644421-8762-4B01-8943-8FE021091A2D}.Release|Any CPU.ActiveCfg = Release|Any CPU
		{42644421-8762-4B01-8943-8FE021091A2D}.Release|Any CPU.Build.0 = Release|Any CPU
	EndGlobalSection
	GlobalSection(SolutionProperties) = preSolution
		HideSolutionNode = FALSE
	EndGlobalSection
	GlobalSection(ExtensibilityGlobals) = postSolution
		SolutionGuid = {ABC8EBFD-A0F1-4EF0-A2BC-BFFBF902A368}
	EndGlobalSection
EndGlobal
