
Microsoft Visual Studio Solution File, Format Version 12.00
# Visual Studio 15
VisualStudioVersion = 15.0.28010.2019
MinimumVisualStudioVersion = 10.0.40219.1
Project("{FAE04EC0-301F-11D3-BF4B-00C04F79EFBC}") = "OOP_07", "OOP_07\OOP_07.csproj", "{1AC40CAD-5AF9-49CF-833D-3E7C8DD95C44}"
EndProject
Global
	GlobalSection(SolutionConfigurationPlatforms) = preSolution
		Debug|Any CPU = Debug|Any CPU
		Release|Any CPU = Release|Any CPU
	EndGlobalSection
	GlobalSection(ProjectConfigurationPlatforms) = postSolution
		{1AC40CAD-5AF9-49CF-833D-3E7C8DD95C44}.Debug|Any CPU.ActiveCfg = Debug|Any CPU
		{1AC40CAD-5AF9-49CF-833D-3E7C8DD95C44}.Debug|Any CPU.Build.0 = Debug|Any CPU
		{1AC40CAD-5AF9-49CF-833D-3E7C8DD95C44}.Release|Any CPU.ActiveCfg = Release|Any CPU
		{1AC40CAD-5AF9-49CF-833D-3E7C8DD95C44}.Release|Any CPU.Build.0 = Release|Any CPU
	EndGlobalSection
	GlobalSection(SolutionProperties) = preSolution
		HideSolutionNode = FALSE
	EndGlobalSection
	GlobalSection(ExtensibilityGlobals) = postSolution
		SolutionGuid = {D7D3A795-9C14-4CC3-BC13-19617B3205E5}
	EndGlobalSection
EndGlobal
