
Microsoft Visual Studio Solution File, Format Version 12.00
# Visual Studio 15
VisualStudioVersion = 15.0.28307.168
MinimumVisualStudioVersion = 10.0.40219.1
Project("{FAE04EC0-301F-11D3-BF4B-00C04F79EFBC}") = "lab1", "lab1\lab1.csproj", "{2593F052-3A57-4558-B1A8-D2D58976DE78}"
EndProject
Global
	GlobalSection(SolutionConfigurationPlatforms) = preSolution
		Debug|Any CPU = Debug|Any CPU
		Release|Any CPU = Release|Any CPU
	EndGlobalSection
	GlobalSection(ProjectConfigurationPlatforms) = postSolution
		{2593F052-3A57-4558-B1A8-D2D58976DE78}.Debug|Any CPU.ActiveCfg = Debug|Any CPU
		{2593F052-3A57-4558-B1A8-D2D58976DE78}.Debug|Any CPU.Build.0 = Debug|Any CPU
		{2593F052-3A57-4558-B1A8-D2D58976DE78}.Release|Any CPU.ActiveCfg = Release|Any CPU
		{2593F052-3A57-4558-B1A8-D2D58976DE78}.Release|Any CPU.Build.0 = Release|Any CPU
	EndGlobalSection
	GlobalSection(SolutionProperties) = preSolution
		HideSolutionNode = FALSE
	EndGlobalSection
	GlobalSection(ExtensibilityGlobals) = postSolution
		SolutionGuid = {F427E24C-F599-4527-9738-0FE30D87CDFF}
	EndGlobalSection
EndGlobal
